// !$*UTF8*$!
{
	archiveVersion = 1;
	classes = {
	};
	objectVersion = 51;
	objects = {

/* Begin PBXBuildFile section */
		3A625B7F25234ECD007F2DDC /* GoogleService-Info.plist in Resources */ = {isa = PBXBuildFile; fileRef = 3A625B7E25234ECD007F2DDC /* GoogleService-Info.plist */; };
		3A6EF52F25235F5E002B4212 /* ItemRepository.swift in Sources */ = {isa = PBXBuildFile; fileRef = 3A6EF52E25235F5E002B4212 /* ItemRepository.swift */; };
		3A7B574E2521E503007493E3 /* AppDelegate.swift in Sources */ = {isa = PBXBuildFile; fileRef = 3A7B574D2521E503007493E3 /* AppDelegate.swift */; };
		3A7B57502521E503007493E3 /* SceneDelegate.swift in Sources */ = {isa = PBXBuildFile; fileRef = 3A7B574F2521E503007493E3 /* SceneDelegate.swift */; };
		3A7B57522521E503007493E3 /* ItemListView.swift in Sources */ = {isa = PBXBuildFile; fileRef = 3A7B57512521E503007493E3 /* ItemListView.swift */; };
		3A7B57542521E504007493E3 /* Assets.xcassets in Resources */ = {isa = PBXBuildFile; fileRef = 3A7B57532521E504007493E3 /* Assets.xcassets */; };
		3A7B57572521E504007493E3 /* Preview Assets.xcassets in Resources */ = {isa = PBXBuildFile; fileRef = 3A7B57562521E504007493E3 /* Preview Assets.xcassets */; };
		3A7B575A2521E504007493E3 /* LaunchScreen.storyboard in Resources */ = {isa = PBXBuildFile; fileRef = 3A7B57582521E504007493E3 /* LaunchScreen.storyboard */; };
		3A7B57632521E52A007493E3 /* Item.swift in Sources */ = {isa = PBXBuildFile; fileRef = 3A7B57622521E52A007493E3 /* Item.swift */; };
		3AA981EE252485BB00BE695C /* SignInWithAppleCoordinator.swift in Sources */ = {isa = PBXBuildFile; fileRef = 3AA981ED252485BB00BE695C /* SignInWithAppleCoordinator.swift */; };
		3AB4A6B725220A4E0043AD2D /* ItemCellViewModel.swift in Sources */ = {isa = PBXBuildFile; fileRef = 3AB4A6B625220A4E0043AD2D /* ItemCellViewModel.swift */; };
		3AB4A6B925220E280043AD2D /* ItemListViewModel.swift in Sources */ = {isa = PBXBuildFile; fileRef = 3AB4A6B825220E280043AD2D /* ItemListViewModel.swift */; };
		3ABAEF9025246C0500FC124C /* SignInWithAppleButton.swift in Sources */ = {isa = PBXBuildFile; fileRef = 3ABAEF8F25246C0500FC124C /* SignInWithAppleButton.swift */; };
		3ABAEF9225246E0C00FC124C /* SignInView.swift in Sources */ = {isa = PBXBuildFile; fileRef = 3ABAEF9125246E0C00FC124C /* SignInView.swift */; };
		F3E2546A4703106BCA488994 /* Pods_ShakeList.framework in Frameworks */ = {isa = PBXBuildFile; fileRef = F77EE191DF26B35865954565 /* Pods_ShakeList.framework */; };
/* End PBXBuildFile section */

/* Begin PBXFileReference section */
		3A625B7E25234ECD007F2DDC /* GoogleService-Info.plist */ = {isa = PBXFileReference; fileEncoding = 4; lastKnownFileType = text.plist.xml; path = "GoogleService-Info.plist"; sourceTree = "<group>"; };
		3A6EF52E25235F5E002B4212 /* ItemRepository.swift */ = {isa = PBXFileReference; lastKnownFileType = sourcecode.swift; path = ItemRepository.swift; sourceTree = "<group>"; };
		3A7B574A2521E503007493E3 /* ShakeList.app */ = {isa = PBXFileReference; explicitFileType = wrapper.application; includeInIndex = 0; path = ShakeList.app; sourceTree = BUILT_PRODUCTS_DIR; };
		3A7B574D2521E503007493E3 /* AppDelegate.swift */ = {isa = PBXFileReference; lastKnownFileType = sourcecode.swift; path = AppDelegate.swift; sourceTree = "<group>"; };
		3A7B574F2521E503007493E3 /* SceneDelegate.swift */ = {isa = PBXFileReference; lastKnownFileType = sourcecode.swift; path = SceneDelegate.swift; sourceTree = "<group>"; };
		3A7B57512521E503007493E3 /* ItemListView.swift */ = {isa = PBXFileReference; lastKnownFileType = sourcecode.swift; path = ItemListView.swift; sourceTree = "<group>"; };
		3A7B57532521E504007493E3 /* Assets.xcassets */ = {isa = PBXFileReference; lastKnownFileType = folder.assetcatalog; path = Assets.xcassets; sourceTree = "<group>"; };
		3A7B57562521E504007493E3 /* Preview Assets.xcassets */ = {isa = PBXFileReference; lastKnownFileType = folder.assetcatalog; path = "Preview Assets.xcassets"; sourceTree = "<group>"; };
		3A7B57592521E504007493E3 /* Base */ = {isa = PBXFileReference; lastKnownFileType = file.storyboard; name = Base; path = Base.lproj/LaunchScreen.storyboard; sourceTree = "<group>"; };
		3A7B575B2521E504007493E3 /* Info.plist */ = {isa = PBXFileReference; lastKnownFileType = text.plist.xml; path = Info.plist; sourceTree = "<group>"; };
		3A7B57622521E52A007493E3 /* Item.swift */ = {isa = PBXFileReference; lastKnownFileType = sourcecode.swift; path = Item.swift; sourceTree = "<group>"; };
		3AA981ED252485BB00BE695C /* SignInWithAppleCoordinator.swift */ = {isa = PBXFileReference; lastKnownFileType = sourcecode.swift; path = SignInWithAppleCoordinator.swift; sourceTree = "<group>"; };
		3AB4A6B625220A4E0043AD2D /* ItemCellViewModel.swift */ = {isa = PBXFileReference; lastKnownFileType = sourcecode.swift; path = ItemCellViewModel.swift; sourceTree = "<group>"; };
		3AB4A6B825220E280043AD2D /* ItemListViewModel.swift */ = {isa = PBXFileReference; lastKnownFileType = sourcecode.swift; path = ItemListViewModel.swift; sourceTree = "<group>"; };
		3ABAEF8F25246C0500FC124C /* SignInWithAppleButton.swift */ = {isa = PBXFileReference; lastKnownFileType = sourcecode.swift; path = SignInWithAppleButton.swift; sourceTree = "<group>"; };
		3ABAEF9125246E0C00FC124C /* SignInView.swift */ = {isa = PBXFileReference; lastKnownFileType = sourcecode.swift; path = SignInView.swift; sourceTree = "<group>"; };
		812B0DE08D4F84D7D646C02E /* Pods-ShakeList.release.xcconfig */ = {isa = PBXFileReference; includeInIndex = 1; lastKnownFileType = text.xcconfig; name = "Pods-ShakeList.release.xcconfig"; path = "Target Support Files/Pods-ShakeList/Pods-ShakeList.release.xcconfig"; sourceTree = "<group>"; };
		8269103D3ECD21733271B372 /* Pods-ShakeList.debug.xcconfig */ = {isa = PBXFileReference; includeInIndex = 1; lastKnownFileType = text.xcconfig; name = "Pods-ShakeList.debug.xcconfig"; path = "Target Support Files/Pods-ShakeList/Pods-ShakeList.debug.xcconfig"; sourceTree = "<group>"; };
		F77EE191DF26B35865954565 /* Pods_ShakeList.framework */ = {isa = PBXFileReference; explicitFileType = wrapper.framework; includeInIndex = 0; path = Pods_ShakeList.framework; sourceTree = BUILT_PRODUCTS_DIR; };
/* End PBXFileReference section */

/* Begin PBXFrameworksBuildPhase section */
		3A7B57472521E503007493E3 /* Frameworks */ = {
			isa = PBXFrameworksBuildPhase;
			buildActionMask = 2147483647;
			files = (
				F3E2546A4703106BCA488994 /* Pods_ShakeList.framework in Frameworks */,
			);
			runOnlyForDeploymentPostprocessing = 0;
		};
/* End PBXFrameworksBuildPhase section */

/* Begin PBXGroup section */
		3A6EF52D25235EEF002B4212 /* Repositories */ = {
			isa = PBXGroup;
			children = (
				3A6EF52E25235F5E002B4212 /* ItemRepository.swift */,
			);
			path = Repositories;
			sourceTree = "<group>";
		};
		3A7B57412521E503007493E3 = {
			isa = PBXGroup;
			children = (
				3A7B574C2521E503007493E3 /* ShakeList */,
				3A7B574B2521E503007493E3 /* Products */,
				455FA1DEA023BCC3CB01BF3D /* Pods */,
				E9E38A6FE6252FB5BB898B78 /* Frameworks */,
			);
			sourceTree = "<group>";
		};
		3A7B574B2521E503007493E3 /* Products */ = {
			isa = PBXGroup;
			children = (
				3A7B574A2521E503007493E3 /* ShakeList.app */,
			);
			name = Products;
			sourceTree = "<group>";
		};
		3A7B574C2521E503007493E3 /* ShakeList */ = {
			isa = PBXGroup;
			children = (
				3A7B57642521E65A007493E3 /* App */,
				3A6EF52D25235EEF002B4212 /* Repositories */,
				3A7B57612521E50F007493E3 /* Model */,
				3AA981EC2524858800BE695C /* Services */,
				3AB4A6B5252209FB0043AD2D /* ViewModels */,
				3A7B57652521E682007493E3 /* Views */,
				3A7B57532521E504007493E3 /* Assets.xcassets */,
				3A7B57582521E504007493E3 /* LaunchScreen.storyboard */,
				3A7B575B2521E504007493E3 /* Info.plist */,
				3A625B7E25234ECD007F2DDC /* GoogleService-Info.plist */,
				3A7B57552521E504007493E3 /* Preview Content */,
			);
			path = ShakeList;
			sourceTree = "<group>";
		};
		3A7B57552521E504007493E3 /* Preview Content */ = {
			isa = PBXGroup;
			children = (
				3A7B57562521E504007493E3 /* Preview Assets.xcassets */,
			);
			path = "Preview Content";
			sourceTree = "<group>";
		};
		3A7B57612521E50F007493E3 /* Model */ = {
			isa = PBXGroup;
			children = (
				3A7B57622521E52A007493E3 /* Item.swift */,
			);
			path = Model;
			sourceTree = "<group>";
		};
		3A7B57642521E65A007493E3 /* App */ = {
			isa = PBXGroup;
			children = (
				3A7B574D2521E503007493E3 /* AppDelegate.swift */,
				3A7B574F2521E503007493E3 /* SceneDelegate.swift */,
			);
			path = App;
			sourceTree = "<group>";
		};
		3A7B57652521E682007493E3 /* Views */ = {
			isa = PBXGroup;
			children = (
				3A7B57512521E503007493E3 /* ItemListView.swift */,
				3ABAEF8F25246C0500FC124C /* SignInWithAppleButton.swift */,
				3ABAEF9125246E0C00FC124C /* SignInView.swift */,
			);
			path = Views;
			sourceTree = "<group>";
		};
		3AA981EC2524858800BE695C /* Services */ = {
			isa = PBXGroup;
			children = (
				3AA981ED252485BB00BE695C /* SignInWithAppleCoordinator.swift */,
			);
			path = Services;
			sourceTree = "<group>";
		};
		3AB4A6B5252209FB0043AD2D /* ViewModels */ = {
			isa = PBXGroup;
			children = (
				3AB4A6B625220A4E0043AD2D /* ItemCellViewModel.swift */,
				3AB4A6B825220E280043AD2D /* ItemListViewModel.swift */,
			);
			path = ViewModels;
			sourceTree = "<group>";
		};
		455FA1DEA023BCC3CB01BF3D /* Pods */ = {
			isa = PBXGroup;
			children = (
				8269103D3ECD21733271B372 /* Pods-ShakeList.debug.xcconfig */,
				812B0DE08D4F84D7D646C02E /* Pods-ShakeList.release.xcconfig */,
			);
			path = Pods;
			sourceTree = "<group>";
		};
		E9E38A6FE6252FB5BB898B78 /* Frameworks */ = {
			isa = PBXGroup;
			children = (
				F77EE191DF26B35865954565 /* Pods_ShakeList.framework */,
			);
			name = Frameworks;
			sourceTree = "<group>";
		};
/* End PBXGroup section */

/* Begin PBXNativeTarget section */
		3A7B57492521E503007493E3 /* ShakeList */ = {
			isa = PBXNativeTarget;
			buildConfigurationList = 3A7B575E2521E504007493E3 /* Build configuration list for PBXNativeTarget "ShakeList" */;
			buildPhases = (
				EE6193FB4B288BDCDB5EA3D2 /* [CP] Check Pods Manifest.lock */,
				3A7B57462521E503007493E3 /* Sources */,
				3A7B57472521E503007493E3 /* Frameworks */,
				3A7B57482521E503007493E3 /* Resources */,
				18B3E98F21C0EE8189FA5FDC /* [CP] Embed Pods Frameworks */,
			);
			buildRules = (
			);
			dependencies = (
			);
			name = ShakeList;
			productName = Erinnerungen;
			productReference = 3A7B574A2521E503007493E3 /* ShakeList.app */;
			productType = "com.apple.product-type.application";
		};
/* End PBXNativeTarget section */

/* Begin PBXProject section */
		3A7B57422521E503007493E3 /* Project object */ = {
			isa = PBXProject;
			attributes = {
				LastSwiftUpdateCheck = 1170;
				LastUpgradeCheck = 1170;
				ORGANIZATIONNAME = "Jan Kott";
				TargetAttributes = {
					3A7B57492521E503007493E3 = {
						CreatedOnToolsVersion = 11.7;
					};
				};
			};
			buildConfigurationList = 3A7B57452521E503007493E3 /* Build configuration list for PBXProject "ShakeLIst" */;
			compatibilityVersion = "Xcode 9.3";
			developmentRegion = en;
			hasScannedForEncodings = 0;
			knownRegions = (
				en,
				Base,
			);
			mainGroup = 3A7B57412521E503007493E3;
			productRefGroup = 3A7B574B2521E503007493E3 /* Products */;
			projectDirPath = "";
			projectRoot = "";
			targets = (
				3A7B57492521E503007493E3 /* ShakeList */,
			);
		};
/* End PBXProject section */

/* Begin PBXResourcesBuildPhase section */
		3A7B57482521E503007493E3 /* Resources */ = {
			isa = PBXResourcesBuildPhase;
			buildActionMask = 2147483647;
			files = (
				3A7B575A2521E504007493E3 /* LaunchScreen.storyboard in Resources */,
				3A625B7F25234ECD007F2DDC /* GoogleService-Info.plist in Resources */,
				3A7B57572521E504007493E3 /* Preview Assets.xcassets in Resources */,
				3A7B57542521E504007493E3 /* Assets.xcassets in Resources */,
			);
			runOnlyForDeploymentPostprocessing = 0;
		};
/* End PBXResourcesBuildPhase section */

/* Begin PBXShellScriptBuildPhase section */
		18B3E98F21C0EE8189FA5FDC /* [CP] Embed Pods Frameworks */ = {
			isa = PBXShellScriptBuildPhase;
			buildActionMask = 2147483647;
			files = (
			);
			inputFileListPaths = (
				"${PODS_ROOT}/Target Support Files/Pods-ShakeList/Pods-ShakeList-frameworks-${CONFIGURATION}-input-files.xcfilelist",
			);
			name = "[CP] Embed Pods Frameworks";
			outputFileListPaths = (
				"${PODS_ROOT}/Target Support Files/Pods-ShakeList/Pods-ShakeList-frameworks-${CONFIGURATION}-output-files.xcfilelist",
			);
			runOnlyForDeploymentPostprocessing = 0;
			shellPath = /bin/sh;
			shellScript = "\"${PODS_ROOT}/Target Support Files/Pods-ShakeList/Pods-ShakeList-frameworks.sh\"\n";
			showEnvVarsInLog = 0;
		};
		EE6193FB4B288BDCDB5EA3D2 /* [CP] Check Pods Manifest.lock */ = {
			isa = PBXShellScriptBuildPhase;
			buildActionMask = 2147483647;
			files = (
			);
			inputFileListPaths = (
			);
			inputPaths = (
				"${PODS_PODFILE_DIR_PATH}/Podfile.lock",
				"${PODS_ROOT}/Manifest.lock",
			);
			name = "[CP] Check Pods Manifest.lock";
			outputFileListPaths = (
			);
			outputPaths = (
				"$(DERIVED_FILE_DIR)/Pods-ShakeList-checkManifestLockResult.txt",
			);
			runOnlyForDeploymentPostprocessing = 0;
			shellPath = /bin/sh;
			shellScript = "diff \"${PODS_PODFILE_DIR_PATH}/Podfile.lock\" \"${PODS_ROOT}/Manifest.lock\" > /dev/null\nif [ $? != 0 ] ; then\n    # print error to STDERR\n    echo \"error: The sandbox is not in sync with the Podfile.lock. Run 'pod install' or update your CocoaPods installation.\" >&2\n    exit 1\nfi\n# This output is used by Xcode 'outputs' to avoid re-running this script phase.\necho \"SUCCESS\" > \"${SCRIPT_OUTPUT_FILE_0}\"\n";
			showEnvVarsInLog = 0;
		};
/* End PBXShellScriptBuildPhase section */

/* Begin PBXSourcesBuildPhase section */
		3A7B57462521E503007493E3 /* Sources */ = {
			isa = PBXSourcesBuildPhase;
			buildActionMask = 2147483647;
			files = (
				3AA981EE252485BB00BE695C /* SignInWithAppleCoordinator.swift in Sources */,
				3ABAEF9025246C0500FC124C /* SignInWithAppleButton.swift in Sources */,
				3A7B57632521E52A007493E3 /* Item.swift in Sources */,
				3AB4A6B925220E280043AD2D /* ItemListViewModel.swift in Sources */,
				3A7B574E2521E503007493E3 /* AppDelegate.swift in Sources */,
				3A7B57502521E503007493E3 /* SceneDelegate.swift in Sources */,
				3A7B57522521E503007493E3 /* ItemListView.swift in Sources */,
				3AB4A6B725220A4E0043AD2D /* ItemCellViewModel.swift in Sources */,
				3A6EF52F25235F5E002B4212 /* ItemRepository.swift in Sources */,
				3ABAEF9225246E0C00FC124C /* SignInView.swift in Sources */,
			);
			runOnlyForDeploymentPostprocessing = 0;
		};
/* End PBXSourcesBuildPhase section */

/* Begin PBXVariantGroup section */
		3A7B57582521E504007493E3 /* LaunchScreen.storyboard */ = {
			isa = PBXVariantGroup;
			children = (
				3A7B57592521E504007493E3 /* Base */,
			);
			name = LaunchScreen.storyboard;
			sourceTree = "<group>";
		};
/* End PBXVariantGroup section */

/* Begin XCBuildConfiguration section */
		3A7B575C2521E504007493E3 /* Debug */ = {
			isa = XCBuildConfiguration;
			buildSettings = {
				ALWAYS_SEARCH_USER_PATHS = NO;
				CLANG_ANALYZER_NONNULL = YES;
				CLANG_ANALYZER_NUMBER_OBJECT_CONVERSION = YES_AGGRESSIVE;
				CLANG_CXX_LANGUAGE_STANDARD = "gnu++14";
				CLANG_CXX_LIBRARY = "libc++";
				CLANG_ENABLE_MODULES = YES;
				CLANG_ENABLE_OBJC_ARC = YES;
				CLANG_ENABLE_OBJC_WEAK = YES;
				CLANG_WARN_BLOCK_CAPTURE_AUTORELEASING = YES;
				CLANG_WARN_BOOL_CONVERSION = YES;
				CLANG_WARN_COMMA = YES;
				CLANG_WARN_CONSTANT_CONVERSION = YES;
				CLANG_WARN_DEPRECATED_OBJC_IMPLEMENTATIONS = YES;
				CLANG_WARN_DIRECT_OBJC_ISA_USAGE = YES_ERROR;
				CLANG_WARN_DOCUMENTATION_COMMENTS = YES;
				CLANG_WARN_EMPTY_BODY = YES;
				CLANG_WARN_ENUM_CONVERSION = YES;
				CLANG_WARN_INFINITE_RECURSION = YES;
				CLANG_WARN_INT_CONVERSION = YES;
				CLANG_WARN_NON_LITERAL_NULL_CONVERSION = YES;
				CLANG_WARN_OBJC_IMPLICIT_RETAIN_SELF = YES;
				CLANG_WARN_OBJC_LITERAL_CONVERSION = YES;
				CLANG_WARN_OBJC_ROOT_CLASS = YES_ERROR;
				CLANG_WARN_RANGE_LOOP_ANALYSIS = YES;
				CLANG_WARN_STRICT_PROTOTYPES = YES;
				CLANG_WARN_SUSPICIOUS_MOVE = YES;
				CLANG_WARN_UNGUARDED_AVAILABILITY = YES_AGGRESSIVE;
				CLANG_WARN_UNREACHABLE_CODE = YES;
				CLANG_WARN__DUPLICATE_METHOD_MATCH = YES;
				COPY_PHASE_STRIP = NO;
				DEBUG_INFORMATION_FORMAT = dwarf;
				ENABLE_STRICT_OBJC_MSGSEND = YES;
				ENABLE_TESTABILITY = YES;
				GCC_C_LANGUAGE_STANDARD = gnu11;
				GCC_DYNAMIC_NO_PIC = NO;
				GCC_NO_COMMON_BLOCKS = YES;
				GCC_OPTIMIZATION_LEVEL = 0;
				GCC_PREPROCESSOR_DEFINITIONS = (
					"DEBUG=1",
					"$(inherited)",
				);
				GCC_WARN_64_TO_32_BIT_CONVERSION = YES;
				GCC_WARN_ABOUT_RETURN_TYPE = YES_ERROR;
				GCC_WARN_UNDECLARED_SELECTOR = YES;
				GCC_WARN_UNINITIALIZED_AUTOS = YES_AGGRESSIVE;
				GCC_WARN_UNUSED_FUNCTION = YES;
				GCC_WARN_UNUSED_VARIABLE = YES;
				IPHONEOS_DEPLOYMENT_TARGET = 13.7;
				MTL_ENABLE_DEBUG_INFO = INCLUDE_SOURCE;
				MTL_FAST_MATH = YES;
				ONLY_ACTIVE_ARCH = YES;
				SDKROOT = iphoneos;
				SWIFT_ACTIVE_COMPILATION_CONDITIONS = DEBUG;
				SWIFT_OPTIMIZATION_LEVEL = "-Onone";
			};
			name = Debug;
		};
		3A7B575D2521E504007493E3 /* Release */ = {
			isa = XCBuildConfiguration;
			buildSettings = {
				ALWAYS_SEARCH_USER_PATHS = NO;
				CLANG_ANALYZER_NONNULL = YES;
				CLANG_ANALYZER_NUMBER_OBJECT_CONVERSION = YES_AGGRESSIVE;
				CLANG_CXX_LANGUAGE_STANDARD = "gnu++14";
				CLANG_CXX_LIBRARY = "libc++";
				CLANG_ENABLE_MODULES = YES;
				CLANG_ENABLE_OBJC_ARC = YES;
				CLANG_ENABLE_OBJC_WEAK = YES;
				CLANG_WARN_BLOCK_CAPTURE_AUTORELEASING = YES;
				CLANG_WARN_BOOL_CONVERSION = YES;
				CLANG_WARN_COMMA = YES;
				CLANG_WARN_CONSTANT_CONVERSION = YES;
				CLANG_WARN_DEPRECATED_OBJC_IMPLEMENTATIONS = YES;
				CLANG_WARN_DIRECT_OBJC_ISA_USAGE = YES_ERROR;
				CLANG_WARN_DOCUMENTATION_COMMENTS = YES;
				CLANG_WARN_EMPTY_BODY = YES;
				CLANG_WARN_ENUM_CONVERSION = YES;
				CLANG_WARN_INFINITE_RECURSION = YES;
				CLANG_WARN_INT_CONVERSION = YES;
				CLANG_WARN_NON_LITERAL_NULL_CONVERSION = YES;
				CLANG_WARN_OBJC_IMPLICIT_RETAIN_SELF = YES;
				CLANG_WARN_OBJC_LITERAL_CONVERSION = YES;
				CLANG_WARN_OBJC_ROOT_CLASS = YES_ERROR;
				CLANG_WARN_RANGE_LOOP_ANALYSIS = YES;
				CLANG_WARN_STRICT_PROTOTYPES = YES;
				CLANG_WARN_SUSPICIOUS_MOVE = YES;
				CLANG_WARN_UNGUARDED_AVAILABILITY = YES_AGGRESSIVE;
				CLANG_WARN_UNREACHABLE_CODE = YES;
				CLANG_WARN__DUPLICATE_METHOD_MATCH = YES;
				COPY_PHASE_STRIP = NO;
				DEBUG_INFORMATION_FORMAT = "dwarf-with-dsym";
				ENABLE_NS_ASSERTIONS = NO;
				ENABLE_STRICT_OBJC_MSGSEND = YES;
				GCC_C_LANGUAGE_STANDARD = gnu11;
				GCC_NO_COMMON_BLOCKS = YES;
				GCC_WARN_64_TO_32_BIT_CONVERSION = YES;
				GCC_WARN_ABOUT_RETURN_TYPE = YES_ERROR;
				GCC_WARN_UNDECLARED_SELECTOR = YES;
				GCC_WARN_UNINITIALIZED_AUTOS = YES_AGGRESSIVE;
				GCC_WARN_UNUSED_FUNCTION = YES;
				GCC_WARN_UNUSED_VARIABLE = YES;
				IPHONEOS_DEPLOYMENT_TARGET = 13.7;
				MTL_ENABLE_DEBUG_INFO = NO;
				MTL_FAST_MATH = YES;
				SDKROOT = iphoneos;
				SWIFT_COMPILATION_MODE = wholemodule;
				SWIFT_OPTIMIZATION_LEVEL = "-O";
				VALIDATE_PRODUCT = YES;
			};
			name = Release;
		};
		3A7B575F2521E504007493E3 /* Debug */ = {
			isa = XCBuildConfiguration;
			baseConfigurationReference = 8269103D3ECD21733271B372 /* Pods-ShakeList.debug.xcconfig */;
			buildSettings = {
				ASSETCATALOG_COMPILER_APPICON_NAME = AppIcon;
				CODE_SIGN_STYLE = Automatic;
				DEVELOPMENT_ASSET_PATHS = "\"ShakeList/Preview Content\"";
				DEVELOPMENT_TEAM = P862N2N6K5;
				ENABLE_PREVIEWS = YES;
				INFOPLIST_FILE = ShakeList/Info.plist;
				LD_RUNPATH_SEARCH_PATHS = (
					"$(inherited)",
					"@executable_path/Frameworks",
				);
				PRODUCT_BUNDLE_IDENTIFIER = com.jankott.shakelist;
				PRODUCT_NAME = ShakeList;
				SWIFT_VERSION = 5.0;
				TARGETED_DEVICE_FAMILY = "1,2";
			};
			name = Debug;
		};
		3A7B57602521E504007493E3 /* Release */ = {
			isa = XCBuildConfiguration;
			baseConfigurationReference = 812B0DE08D4F84D7D646C02E /* Pods-ShakeList.release.xcconfig */;
			buildSettings = {
				ASSETCATALOG_COMPILER_APPICON_NAME = AppIcon;
				CODE_SIGN_STYLE = Automatic;
				DEVELOPMENT_ASSET_PATHS = "\"ShakeList/Preview Content\"";
				DEVELOPMENT_TEAM = P862N2N6K5;
				ENABLE_PREVIEWS = YES;
				INFOPLIST_FILE = ShakeList/Info.plist;
				LD_RUNPATH_SEARCH_PATHS = (
					"$(inherited)",
					"@executable_path/Frameworks",
				);
				PRODUCT_BUNDLE_IDENTIFIER = com.jankott.shakelist;
				PRODUCT_NAME = ShakeList;
				SWIFT_VERSION = 5.0;
				TARGETED_DEVICE_FAMILY = "1,2";
			};
			name = Release;
		};
/* End XCBuildConfiguration section */

/* Begin XCConfigurationList section */
		3A7B57452521E503007493E3 /* Build configuration list for PBXProject "ShakeLIst" */ = {
			isa = XCConfigurationList;
			buildConfigurations = (
				3A7B575C2521E504007493E3 /* Debug */,
				3A7B575D2521E504007493E3 /* Release */,
			);
			defaultConfigurationIsVisible = 0;
			defaultConfigurationName = Release;
		};
		3A7B575E2521E504007493E3 /* Build configuration list for PBXNativeTarget "ShakeList" */ = {
			isa = XCConfigurationList;
			buildConfigurations = (
				3A7B575F2521E504007493E3 /* Debug */,
				3A7B57602521E504007493E3 /* Release */,
			);
			defaultConfigurationIsVisible = 0;
			defaultConfigurationName = Release;
		};
/* End XCConfigurationList section */
	};
	rootObject = 3A7B57422521E503007493E3 /* Project object */;
}
